
Microsoft Visual Studio Solution File, Format Version 12.00
# Visual Studio Version 16
VisualStudioVersion = 16.0.30621.155
MinimumVisualStudioVersion = 10.0.40219.1
Project("{FAE04EC0-301F-11D3-BF4B-00C04F79EFBC}") = "TestCode", "TestCode\TestCode.csproj", "{A210661E-FEAA-4C27-BA0C-6C7086660398}"
EndProject
Global
	GlobalSection(SolutionConfigurationPlatforms) = preSolution
		Debug|Any CPU = Debug|Any CPU
		Release|Any CPU = Release|Any CPU
	EndGlobalSection
	GlobalSection(ProjectConfigurationPlatforms) = postSolution
		{A210661E-FEAA-4C27-BA0C-6C7086660398}.Debug|Any CPU.ActiveCfg = Debug|Any CPU
		{A210661E-FEAA-4C27-BA0C-6C7086660398}.Debug|Any CPU.Build.0 = Debug|Any CPU
		{A210661E-FEAA-4C27-BA0C-6C7086660398}.Release|Any CPU.ActiveCfg = Release|Any CPU
		{A210661E-FEAA-4C27-BA0C-6C7086660398}.Release|Any CPU.Build.0 = Release|Any CPU
	EndGlobalSection
	GlobalSection(SolutionProperties) = preSolution
		HideSolutionNode = FALSE
	EndGlobalSection
	GlobalSection(ExtensibilityGlobals) = postSolution
		SolutionGuid = {D4214E46-60A5-4722-9466-A0FE029E8CEB}
	EndGlobalSection
EndGlobal
